
Microsoft Visual Studio Solution File, Format Version 12.00
# Visual Studio Version 17
VisualStudioVersion = 17.3.32922.545
MinimumVisualStudioVersion = 10.0.40219.1
Project("{FAE04EC0-301F-11D3-BF4B-00C04F79EFBC}") = "PrySp4Triatlon-Cantallops", "PrySp4Triatlon-Cantallops.csproj", "{F353BC03-FE57-42B3-9C9A-D460586F414D}"
EndProject
Global
	GlobalSection(SolutionConfigurationPlatforms) = preSolution
		Debug|Any CPU = Debug|Any CPU
		Release|Any CPU = Release|Any CPU
	EndGlobalSection
	GlobalSection(ProjectConfigurationPlatforms) = postSolution
		{F353BC03-FE57-42B3-9C9A-D460586F414D}.Debug|Any CPU.ActiveCfg = Debug|Any CPU
		{F353BC03-FE57-42B3-9C9A-D460586F414D}.Debug|Any CPU.Build.0 = Debug|Any CPU
		{F353BC03-FE57-42B3-9C9A-D460586F414D}.Release|Any CPU.ActiveCfg = Release|Any CPU
		{F353BC03-FE57-42B3-9C9A-D460586F414D}.Release|Any CPU.Build.0 = Release|Any CPU
	EndGlobalSection
	GlobalSection(SolutionProperties) = preSolution
		HideSolutionNode = FALSE
	EndGlobalSection
	GlobalSection(ExtensibilityGlobals) = postSolution
		SolutionGuid = {FA46DD4B-61DC-4995-ACD5-CBEAD0718E35}
	EndGlobalSection
EndGlobal
